{
  "requires": true,
  "lockfileVersion": 1,
  "dependencies": {
    "@babel/helper-string-parser": {
      "version": "7.22.5",
      "resolved": "https://registry.npmjs.org/@babel/helper-string-parser/-/helper-string-parser-7.22.5.tgz",
      "integrity": "sha512-mM4COjgZox8U+JcXQwPijIZLElkgEpO5rsERVDJTc2qfCDfERyob6k5WegS14SX18IIjv+XD+GrqNumY5JRCDw==",
      "dev": true
    },
    "@babel/helper-validator-identifier": {
      "version": "7.22.20",
      "resolved": "https://registry.npmjs.org/@babel/helper-validator-identifier/-/helper-validator-identifier-7.22.20.tgz",
      "integrity": "sha512-Y4OZ+ytlatR8AI+8KZfKuL5urKp7qey08ha31L8b3BwewJAoJamTzyvxPR/5D+KkdJCGPq/+8TukHBlY10FX9A==",
      "dev": true
    },
    "@babel/parser": {
      "version": "7.23.0",
      "resolved": "https://registry.npmjs.org/@babel/parser/-/parser-7.23.0.tgz",
      "integrity": "sha512-vvPKKdMemU85V9WE/l5wZEmImpCtLqbnTvqDS2U1fJ96KrxoW7KrXhNsNCblQlg8Ck4b85yxdTyelsMUgFUXiw==",
      "dev": true
    },
    "@babel/types": {
      "version": "7.23.0",
      "resolved": "https://registry.npmjs.org/@babel/types/-/types-7.23.0.tgz",
      "integrity": "sha512-0oIyUfKoI3mSqMvsxBdclDwxXKXAUA8v/apZbc+iSyARYou1o8ZGDxbUYyLFoW2arqS2jDGqJuZvv1d/io1axg==",
      "dev": true,
      "requires": {
        "@babel/helper-string-parser": "^7.22.5",
        "@babel/helper-validator-identifier": "^7.22.20",
        "to-fast-properties": "^2.0.0"
      }
    },
    "@types/babel__code-frame": {
      "version": "7.0.5",
      "resolved": "https://registry.npmjs.org/@types/babel__code-frame/-/babel__code-frame-7.0.5.tgz",
      "integrity": "sha512-tE88HnYMl5iJAB1V9nJCrE1udmwGCoNvx2ayTa8nwkE3UMMRRljANO+sX8D321hIrqf1DlvhAPAo5G6DWaMQNg==",
      "dev": true
    },
    "@types/babel__core": {
      "version": "7.20.3",
      "resolved": "https://registry.npmjs.org/@types/babel__core/-/babel__core-7.20.3.tgz",
      "integrity": "sha512-54fjTSeSHwfan8AyHWrKbfBWiEUrNTZsUwPTDSNaaP1QDQIZbeNUg3a59E9D+375MzUw/x1vx2/0F5LBz+AeYA==",
      "dev": true,
      "requires": {
        "@babel/parser": "^7.20.7",
        "@babel/types": "^7.20.7",
        "@types/babel__generator": "*",
        "@types/babel__template": "*",
        "@types/babel__traverse": "*"
      }
    },
    "@types/babel__generator": {
      "version": "7.6.6",
      "resolved": "https://registry.npmjs.org/@types/babel__generator/-/babel__generator-7.6.6.tgz",
      "integrity": "sha512-66BXMKb/sUWbMdBNdMvajU7i/44RkrA3z/Yt1c7R5xejt8qh84iU54yUWCtm0QwGJlDcf/gg4zd/x4mpLAlb/w==",
      "dev": true,
      "requires": {
        "@babel/types": "^7.0.0"
      }
    },
    "@types/babel__template": {
      "version": "7.4.3",
      "resolved": "https://registry.npmjs.org/@types/babel__template/-/babel__template-7.4.3.tgz",
      "integrity": "sha512-ciwyCLeuRfxboZ4isgdNZi/tkt06m8Tw6uGbBSBgWrnnZGNXiEyM27xc/PjXGQLqlZ6ylbgHMnm7ccF9tCkOeQ==",
      "dev": true,
      "requires": {
        "@babel/parser": "^7.1.0",
        "@babel/types": "^7.0.0"
      }
    },
    "@types/babel__traverse": {
      "version": "7.20.3",
      "resolved": "https://registry.npmjs.org/@types/babel__traverse/-/babel__traverse-7.20.3.tgz",
      "integrity": "sha512-Lsh766rGEFbaxMIDH7Qa+Yha8cMVI3qAK6CHt3OR0YfxOIn5Z54iHiyDRycHrBqeIiqGa20Kpsv1cavfBKkRSw==",
      "dev": true,
      "requires": {
        "@babel/types": "^7.20.7"
      }
    },
    "@types/body-parser": {
      "version": "1.19.4",
      "resolved": "https://registry.npmjs.org/@types/body-parser/-/body-parser-1.19.4.tgz",
      "integrity": "sha512-N7UDG0/xiPQa2D/XrVJXjkWbpqHCd2sBaB32ggRF2l83RhPfamgKGF8gwwqyksS95qUS5ZYF9aF+lLPRlwI2UA==",
      "dev": true,
      "requires": {
        "@types/connect": "*",
        "@types/node": "*"
      }
    },
    "@types/connect": {
      "version": "3.4.37",
      "resolved": "https://registry.npmjs.org/@types/connect/-/connect-3.4.37.tgz",
      "integrity": "sha512-zBUSRqkfZ59OcwXon4HVxhx5oWCJmc0OtBTK05M+p0dYjgN6iTwIL2T/WbsQZrEsdnwaF9cWQ+azOnpPvIqY3Q==",
      "dev": true,
      "requires": {
        "@types/node": "*"
      }
    },
    "@types/connect-history-api-fallback": {
      "version": "1.5.2",
      "resolved": "https://registry.npmjs.org/@types/connect-history-api-fallback/-/connect-history-api-fallback-1.5.2.tgz",
      "integrity": "sha512-gX2j9x+NzSh4zOhnRPSdPPmTepS4DfxES0AvIFv3jGv5QyeAJf6u6dY5/BAoAJU9Qq1uTvwOku8SSC2GnCRl6Q==",
      "dev": true,
      "requires": {
        "@types/express-serve-static-core": "*",
        "@types/node": "*"
      }
    },
    "@types/eslint": {
      "version": "8.44.6",
      "resolved": "https://registry.npmjs.org/@types/eslint/-/eslint-8.44.6.tgz",
      "integrity": "sha512-P6bY56TVmX8y9J87jHNgQh43h6VVU+6H7oN7hgvivV81K2XY8qJZ5vqPy/HdUoVIelii2kChYVzQanlswPWVFw==",
      "dev": true,
      "requires": {
        "@types/estree": "*",
        "@types/json-schema": "*"
      }
    },
    "@types/estree": {
      "version": "1.0.4",
      "resolved": "https://registry.npmjs.org/@types/estree/-/estree-1.0.4.tgz",
      "integrity": "sha512-2JwWnHK9H+wUZNorf2Zr6ves96WHoWDJIftkcxPKsS7Djta6Zu519LarhRNljPXkpsZR2ZMwNCPeW7omW07BJw==",
      "dev": true
    },
    "@types/express": {
      "version": "4.17.20",
      "resolved": "https://registry.npmjs.org/@types/express/-/express-4.17.20.tgz",
      "integrity": "sha512-rOaqlkgEvOW495xErXMsmyX3WKBInbhG5eqojXYi3cGUaLoRDlXa5d52fkfWZT963AZ3v2eZ4MbKE6WpDAGVsw==",
      "dev": true,
      "requires": {
        "@types/body-parser": "*",
        "@types/express-serve-static-core": "^4.17.33",
        "@types/qs": "*",
        "@types/serve-static": "*"
      }
    },
    "@types/express-serve-static-core": {
      "version": "4.17.39",
      "resolved": "https://registry.npmjs.org/@types/express-serve-static-core/-/express-serve-static-core-4.17.39.tgz",
      "integrity": "sha512-BiEUfAiGCOllomsRAZOiMFP7LAnrifHpt56pc4Z7l9K6ACyN06Ns1JLMBxwkfLOjJRlSf06NwWsT7yzfpaVpyQ==",
      "dev": true,
      "requires": {
        "@types/node": "*",
        "@types/qs": "*",
        "@types/range-parser": "*",
        "@types/send": "*"
      }
    },
    "@types/express-ws": {
      "version": "3.0.4",
      "resolved": "https://registry.npmjs.org/@types/express-ws/-/express-ws-3.0.4.tgz",
      "integrity": "sha512-Yjj18CaivG5KndgcvzttWe8mPFinPCHJC2wvyQqVzA7hqeufM8EtWMj6mpp5omg3s8XALUexhOu8aXAyi/DyJQ==",
      "dev": true,
      "requires": {
        "@types/express": "*",
        "@types/express-serve-static-core": "*",
        "@types/ws": "*"
      }
    },
    "@types/gensync": {
      "version": "1.0.2",
      "resolved": "https://registry.npmjs.org/@types/gensync/-/gensync-1.0.2.tgz",
      "integrity": "sha512-6FzAxO+odMlJm7ZZAdafsaluzH4pXCkj/rukH3whoJeaWQJILJ6i4Pn6fRuUDWIMu8MYOK7+Gn86jwr/8yGOhg==",
      "dev": true
    },
    "@types/http-errors": {
      "version": "2.0.3",
      "resolved": "https://registry.npmjs.org/@types/http-errors/-/http-errors-2.0.3.tgz",
      "integrity": "sha512-pP0P/9BnCj1OVvQR2lF41EkDG/lWWnDyA203b/4Fmi2eTyORnBtcDoKDwjWQthELrBvWkMOrvSOnZ8OVlW6tXA==",
      "dev": true
    },
    "@types/inherits": {
      "version": "0.0.32",
      "resolved": "https://registry.npmjs.org/@types/inherits/-/inherits-0.0.32.tgz",
      "integrity": "sha512-UYu/3oMv4J15FR5FIP7mANkSs/XX5WZ8EDT6DwIw9Z0xGN44HEAOJQdcDQiQcuvPdD3pI98VuypH40H0bJMXqQ==",
      "dev": true,
      "requires": {
        "@types/node": "*"
      }
    },
    "@types/json-schema": {
      "version": "7.0.14",
      "resolved": "https://registry.npmjs.org/@types/json-schema/-/json-schema-7.0.14.tgz",
      "integrity": "sha512-U3PUjAudAdJBeC2pgN8uTIKgxrb4nlDF3SF0++EldXQvQBGkpFZMSnwQiIoDU77tv45VgNkl/L4ouD+rEomujw==",
      "dev": true
    },
    "@types/merge-descriptors": {
      "version": "1.0.2",
      "resolved": "https://registry.npmjs.org/@types/merge-descriptors/-/merge-descriptors-1.0.2.tgz",
      "integrity": "sha512-R517AnGh8cPXoYJGJNVNH8VV8oEDIOIM6cSMwkNLbjOJ1pbJe2gP/xPxyoL8oNorHXdjA5wN7t/s6FOc3cBNfQ==",
      "dev": true
    },
    "@types/mime": {
      "version": "1.3.4",
      "resolved": "https://registry.npmjs.org/@types/mime/-/mime-1.3.4.tgz",
      "integrity": "sha512-1Gjee59G25MrQGk8bsNvC6fxNiRgUlGn2wlhGf95a59DrprnnHk80FIMMFG9XHMdrfsuA119ht06QPDXA1Z7tw==",
      "dev": true
    },
    "@types/node": {
      "version": "20.8.10",
      "resolved": "https://registry.npmjs.org/@types/node/-/node-20.8.10.tgz",
      "integrity": "sha512-TlgT8JntpcbmKUFzjhsyhGfP2fsiz1Mv56im6enJ905xG1DAYesxJaeSbGqQmAw8OWPdhyJGhGSQGKRNJ45u9w==",
      "dev": true,
      "requires": {
        "undici-types": "~5.26.4"
      }
    },
    "@types/prop-types": {
      "version": "15.7.9",
      "resolved": "https://registry.npmjs.org/@types/prop-types/-/prop-types-15.7.9.tgz",
      "integrity": "sha512-n1yyPsugYNSmHgxDFjicaI2+gCNjsBck8UX9kuofAKlc0h1bL+20oSF72KeNaW2DUlesbEVCFgyV2dPGTiY42g==",
      "dev": true
    },
    "@types/qs": {
      "version": "6.9.9",
      "resolved": "https://registry.npmjs.org/@types/qs/-/qs-6.9.9.tgz",
      "integrity": "sha512-wYLxw35euwqGvTDx6zfY1vokBFnsK0HNrzc6xNHchxfO2hpuRg74GbkEW7e3sSmPvj0TjCDT1VCa6OtHXnubsg==",
      "dev": true
    },
    "@types/range-parser": {
      "version": "1.2.6",
      "resolved": "https://registry.npmjs.org/@types/range-parser/-/range-parser-1.2.6.tgz",
      "integrity": "sha512-+0autS93xyXizIYiyL02FCY8N+KkKPhILhcUSA276HxzreZ16kl+cmwvV2qAM/PuCCwPXzOXOWhiPcw20uSFcA==",
      "dev": true
    },
    "@types/react": {
      "version": "18.2.34",
      "resolved": "https://registry.npmjs.org/@types/react/-/react-18.2.34.tgz",
      "integrity": "sha512-U6eW/alrRk37FU/MS2RYMjx0Va2JGIVXELTODaTIYgvWGCV4Y4TfTUzG8DdmpDNIT0Xpj/R7GfyHOJJrDttcvg==",
      "dev": true,
      "requires": {
        "@types/prop-types": "*",
        "@types/scheduler": "*",
        "csstype": "^3.0.2"
      }
    },
    "@types/react-dom": {
      "version": "18.2.14",
      "resolved": "https://registry.npmjs.org/@types/react-dom/-/react-dom-18.2.14.tgz",
      "integrity": "sha512-V835xgdSVmyQmI1KLV2BEIUgqEuinxp9O4G6g3FqO/SqLac049E53aysv0oEFD2kHfejeKU+ZqL2bcFWj9gLAQ==",
      "dev": true,
      "requires": {
        "@types/react": "*"
      }
    },
    "@types/scheduler": {
      "version": "0.16.5",
      "resolved": "https://registry.npmjs.org/@types/scheduler/-/scheduler-0.16.5.tgz",
      "integrity": "sha512-s/FPdYRmZR8SjLWGMCuax7r3qCWQw9QKHzXVukAuuIJkXkDRwp+Pu5LMIVFi0Fxbav35WURicYr8u1QsoybnQw==",
      "dev": true
    },
    "@types/semver": {
      "version": "7.5.4",
      "resolved": "https://registry.npmjs.org/@types/semver/-/semver-7.5.4.tgz",
      "integrity": "sha512-MMzuxN3GdFwskAnb6fz0orFvhfqi752yjaXylr0Rp4oDg5H0Zn1IuyRhDVvYOwAXoJirx2xuS16I3WjxnAIHiQ==",
      "dev": true
    },
    "@types/send": {
      "version": "0.17.3",
      "resolved": "https://registry.npmjs.org/@types/send/-/send-0.17.3.tgz",
      "integrity": "sha512-/7fKxvKUoETxjFUsuFlPB9YndePpxxRAOfGC/yJdc9kTjTeP5kRCTzfnE8kPUKCeyiyIZu0YQ76s50hCedI1ug==",
      "dev": true,
      "requires": {
        "@types/mime": "^1",
        "@types/node": "*"
      }
    },
    "@types/serve-static": {
      "version": "1.15.4",
      "resolved": "https://registry.npmjs.org/@types/serve-static/-/serve-static-1.15.4.tgz",
      "integrity": "sha512-aqqNfs1XTF0HDrFdlY//+SGUxmdSUbjeRXb5iaZc3x0/vMbYmdw9qvOgHWOyyLFxSSRnUuP5+724zBgfw8/WAw==",
      "dev": true,
      "requires": {
        "@types/http-errors": "*",
        "@types/mime": "*",
        "@types/node": "*"
      }
    },
    "@types/ws": {
      "version": "8.5.8",
      "resolved": "https://registry.npmjs.org/@types/ws/-/ws-8.5.8.tgz",
      "integrity": "sha512-flUksGIQCnJd6sZ1l5dqCEG/ksaoAg/eUwiLAGTJQcfgvZJKF++Ta4bJA6A5aPSJmsr+xlseHn4KLgVlNnvPTg==",
      "dev": true,
      "requires": {
        "@types/node": "*"
      }
    },
    "csstype": {
      "version": "3.1.2",
      "resolved": "https://registry.npmjs.org/csstype/-/csstype-3.1.2.tgz",
      "integrity": "sha512-I7K1Uu0MBPzaFKg4nI5Q7Vs2t+3gWWW648spaF+Rg7pI9ds18Ugn+lvg4SHczUdKlHI5LWBXyqfS8+DufyBsgQ==",
      "dev": true
    },
    "to-fast-properties": {
      "version": "2.0.0",
      "resolved": "https://registry.npmjs.org/to-fast-properties/-/to-fast-properties-2.0.0.tgz",
      "integrity": "sha512-/OaKK0xYrs3DmxRYqL/yDc+FxFUVYhDlXMhRmv3z915w2HF1tnN1omB354j8VUGO/hbRzyD6Y3sA7v7GS/ceog==",
      "dev": true
    },
    "types-registry": {
      "version": "0.1.669",
      "resolved": "https://registry.npmjs.org/types-registry/-/types-registry-0.1.669.tgz",
      "integrity": "sha512-4WUKdllExuW7O31xehiLqG/orxdKMHyZSLQAqj4EZevvxNZBhIJ7D9ggkr4daT+rLXdDdAsh3dDrq7AypcifkQ=="
    },
    "undici-types": {
      "version": "5.26.5",
      "resolved": "https://registry.npmjs.org/undici-types/-/undici-types-5.26.5.tgz",
      "integrity": "sha512-JlCMO+ehdEIKqlFxk6IfVoAUVmgz7cU7zD/h9XZ0qzeosSHmUJVOzSQvvYSYWXkFXC+IfLKSIffhv0sVZup6pA==",
      "dev": true
    }
  }
}
